
Microsoft Visual Studio Solution File, Format Version 11.00
# Visual Studio 2010
Project("{FAE04EC0-301F-11D3-BF4B-00C04F79EFBC}") = "Intake.Core", "Intake.Core\Intake.Core.csproj", "{BF98DBB7-A3B6-4890-A46B-E3396CEB049C}"
EndProject
Global
	GlobalSection(SolutionConfigurationPlatforms) = preSolution
		Debug|Any CPU = Debug|Any CPU
		Release|Any CPU = Release|Any CPU
	EndGlobalSection
	GlobalSection(ProjectConfigurationPlatforms) = postSolution
		{BF98DBB7-A3B6-4890-A46B-E3396CEB049C}.Debug|Any CPU.ActiveCfg = Debug|Any CPU
		{BF98DBB7-A3B6-4890-A46B-E3396CEB049C}.Debug|Any CPU.Build.0 = Debug|Any CPU
		{BF98DBB7-A3B6-4890-A46B-E3396CEB049C}.Release|Any CPU.ActiveCfg = Release|Any CPU
		{BF98DBB7-A3B6-4890-A46B-E3396CEB049C}.Release|Any CPU.Build.0 = Release|Any CPU
	EndGlobalSection
	GlobalSection(MonoDevelopProperties) = preSolution
		StartupItem = Intake.Core\Intake.Core.csproj
	EndGlobalSection
EndGlobal
